
Microsoft Visual Studio Solution File, Format Version 12.00
# Visual Studio 15
VisualStudioVersion = 15.0.27428.2015
MinimumVisualStudioVersion = 10.0.40219.1
Project("{FAE04EC0-301F-11D3-BF4B-00C04F79EFBC}") = "ClientWebApplication", "ClientWebApplication\ClientWebApplication.csproj", "{797B5E7C-5917-43A1-9101-E71C12EDB4AB}"
EndProject
Project("{FAE04EC0-301F-11D3-BF4B-00C04F79EFBC}") = "ThriftFrameworkResearch.Model", "ThriftFrameworkResearch.Model\ThriftFrameworkResearch.Model.csproj", "{99E8BF68-A4D4-49EE-96ED-A63D6BDB376E}"
EndProject
Project("{FAE04EC0-301F-11D3-BF4B-00C04F79EFBC}") = "ServerApplication", "ServerApplication\ServerApplication.csproj", "{0E4988DD-7085-43F7-BF62-F21B881B9CF6}"
EndProject
Global
	GlobalSection(SolutionConfigurationPlatforms) = preSolution
		Debug|Any CPU = Debug|Any CPU
		Release|Any CPU = Release|Any CPU
	EndGlobalSection
	GlobalSection(ProjectConfigurationPlatforms) = postSolution
		{797B5E7C-5917-43A1-9101-E71C12EDB4AB}.Debug|Any CPU.ActiveCfg = Debug|Any CPU
		{797B5E7C-5917-43A1-9101-E71C12EDB4AB}.Debug|Any CPU.Build.0 = Debug|Any CPU
		{797B5E7C-5917-43A1-9101-E71C12EDB4AB}.Release|Any CPU.ActiveCfg = Release|Any CPU
		{797B5E7C-5917-43A1-9101-E71C12EDB4AB}.Release|Any CPU.Build.0 = Release|Any CPU
		{99E8BF68-A4D4-49EE-96ED-A63D6BDB376E}.Debug|Any CPU.ActiveCfg = Debug|Any CPU
		{99E8BF68-A4D4-49EE-96ED-A63D6BDB376E}.Debug|Any CPU.Build.0 = Debug|Any CPU
		{99E8BF68-A4D4-49EE-96ED-A63D6BDB376E}.Release|Any CPU.ActiveCfg = Release|Any CPU
		{99E8BF68-A4D4-49EE-96ED-A63D6BDB376E}.Release|Any CPU.Build.0 = Release|Any CPU
		{0E4988DD-7085-43F7-BF62-F21B881B9CF6}.Debug|Any CPU.ActiveCfg = Debug|Any CPU
		{0E4988DD-7085-43F7-BF62-F21B881B9CF6}.Debug|Any CPU.Build.0 = Debug|Any CPU
		{0E4988DD-7085-43F7-BF62-F21B881B9CF6}.Release|Any CPU.ActiveCfg = Release|Any CPU
		{0E4988DD-7085-43F7-BF62-F21B881B9CF6}.Release|Any CPU.Build.0 = Release|Any CPU
	EndGlobalSection
	GlobalSection(SolutionProperties) = preSolution
		HideSolutionNode = FALSE
	EndGlobalSection
	GlobalSection(ExtensibilityGlobals) = postSolution
		SolutionGuid = {E0E81F78-0352-40AF-87E9-208DC841DFAE}
	EndGlobalSection
EndGlobal
